{
  "name": "tmp5941z8w8",
  "lockfileVersion": 3,
  "requires": true,
  "packages": {
    "": {
      "dependencies": {
        "@tanstack/react-query": "^5.62.15"
      }
    },
    "node_modules/@tanstack/query-core": {
      "version": "5.62.15",
      "resolved": "https://registry.npmjs.org/@tanstack/query-core/-/query-core-5.62.15.tgz",
      "integrity": "sha512-wT20X14CxcWY8YLJ/1pnsXn/y1Q2uRJZYWW93PWRtZt+3/JlGZyiyTcO4pGnqycnP7CokCROAyatsraosqZsDA==",
      "license": "MIT",
      "funding": {
        "type": "github",
        "url": "https://github.com/sponsors/tannerlinsley"
      }
    },
    "node_modules/@tanstack/react-query": {
      "version": "5.62.15",
      "resolved": "https://registry.npmjs.org/@tanstack/react-query/-/react-query-5.62.15.tgz",
      "integrity": "sha512-Ny3xxsOWmEQCFyHiV3CF7t6+QAV+LpBEREiXyllKR4+tStyd8smOAa98ZHmEx0ZNy36M31K8enifB5wTSYAKJw==",
      "license": "MIT",
      "dependencies": {
        "@tanstack/query-core": "5.62.15"
      },
      "funding": {
        "type": "github",
        "url": "https://github.com/sponsors/tannerlinsley"
      },
      "peerDependencies": {
        "react": "^18 || ^19"
      }
    }
  }
}
